
Microsoft Visual Studio Solution File, Format Version 12.00
# Visual Studio 15
VisualStudioVersion = 15.0.28307.757
MinimumVisualStudioVersion = 10.0.40219.1
Project("{8BC9CEB8-8B4A-11D0-8D11-00A0C91BC942}") = "01_CreateDevice", "01\01.vcxproj", "{AF651889-EDFF-4649-B7EB-730F038372A9}"
EndProject
Project("{8BC9CEB8-8B4A-11D0-8D11-00A0C91BC942}") = "02_Vertices", "02_Vertices\02_Vertices.vcxproj", "{A2912CA8-C0A9-42D5-BE0F-B34C1533C0B5}"
EndProject
Project("{8BC9CEB8-8B4A-11D0-8D11-00A0C91BC942}") = "03_Matirces", "03_Matirces\03_Matirces.vcxproj", "{853B8527-826F-45CA-A214-5B5D78D2F372}"
EndProject
Project("{8BC9CEB8-8B4A-11D0-8D11-00A0C91BC942}") = "04_Lights", "04_Lights\04_Lights.vcxproj", "{72C76322-7AD9-415A-84CF-76CB45B286D8}"
EndProject
Project("{8BC9CEB8-8B4A-11D0-8D11-00A0C91BC942}") = "05_Texture", "05_Texture\05_Texture.vcxproj", "{3D926D6C-4DED-4079-A622-5AF6BE05F3DD}"
EndProject
Project("{8BC9CEB8-8B4A-11D0-8D11-00A0C91BC942}") = "06_Mesh", "06_Mesh\06_Mesh.vcxproj", "{F5B0AE82-0605-4F3D-A194-55CF4A842B4B}"
EndProject
Project("{8BC9CEB8-8B4A-11D0-8D11-00A0C91BC942}") = "07_IndexBuffer", "07_IndexBuffer\07_IndexBuffer.vcxproj", "{A7CC7CF0-EFC0-4F86-A3CB-B397C099920F}"
EndProject
Project("{8BC9CEB8-8B4A-11D0-8D11-00A0C91BC942}") = "08_myFunc", "08_myFunc\08_myFunc.vcxproj", "{B2C9AD3D-FC76-4771-96A1-08D0EC4660BF}"
EndProject
Project("{8BC9CEB8-8B4A-11D0-8D11-00A0C91BC942}") = "09_KeyFrameAni", "09_KeyFrameAni\09_KeyFrameAni.vcxproj", "{F02E0FB0-0F5C-4DD8-AFBA-7446B24FD69D}"
EndProject
Project("{8BC9CEB8-8B4A-11D0-8D11-00A0C91BC942}") = "SolarSystem", "SolarSystem\SolarSystem.vcxproj", "{F2309160-66C0-455E-BC85-BB291C149D1B}"
EndProject
Project("{2150E333-8FDC-42A3-9474-1A3956D46DE8}") = "Study", "Study", "{8394349B-ACB9-4561-B631-AFFF0CD001D0}"
EndProject
Project("{8BC9CEB8-8B4A-11D0-8D11-00A0C91BC942}") = "HumanSystem", "HumanSystem\HumanSystem.vcxproj", "{25F85182-FD0C-4F25-9ADF-B896049C9B76}"
EndProject
Project("{8BC9CEB8-8B4A-11D0-8D11-00A0C91BC942}") = "10_LightMap", "10_LightMap\10_LightMap.vcxproj", "{01CEBB21-DC7A-4382-866C-4825A091E110}"
EndProject
Project("{8BC9CEB8-8B4A-11D0-8D11-00A0C91BC942}") = "11_HeightMap", "11_HeightMap\11_HeightMap.vcxproj", "{77C3DEE7-13B7-4908-A047-11EC97C5359B}"
EndProject
Project("{8BC9CEB8-8B4A-11D0-8D11-00A0C91BC942}") = "BillBoard", "BillBoard\BillBoard.vcxproj", "{FCA2B922-BCF6-4E76-9D3C-F55E745A11B6}"
EndProject
Project("{2150E333-8FDC-42A3-9474-1A3956D46DE8}") = "Lecture", "Lecture", "{679C6E0F-1C08-492E-8FFC-29A82B415DF1}"
EndProject
Project("{8BC9CEB8-8B4A-11D0-8D11-00A0C91BC942}") = "12_FrustumCulling", "12_FrustumCulling\12_FrustumCulling.vcxproj", "{DFC2900C-F80A-4BCA-8805-2E625A48CC80}"
EndProject
Project("{8BC9CEB8-8B4A-11D0-8D11-00A0C91BC942}") = "13_QuadTree", "13_QuadTree\13_QuadTree.vcxproj", "{1CD4CCE5-9488-4B7F-AF48-0EBDB96F96E7}"
EndProject
Project("{8BC9CEB8-8B4A-11D0-8D11-00A0C91BC942}") = "14_Lod", "14_Lod\14_Lod.vcxproj", "{BF642DC1-6A75-4D4C-AE40-7F04BBB35A83}"
EndProject
Project("{8BC9CEB8-8B4A-11D0-8D11-00A0C91BC942}") = "15_Lod_Fix", "15_Lod_Fix\15_Lod_Fix.vcxproj", "{D9856DDC-D1C4-4F42-98E0-F5832A04C40B}"
EndProject
Global
	GlobalSection(SolutionConfigurationPlatforms) = preSolution
		Debug|x64 = Debug|x64
		Debug|x86 = Debug|x86
		Release|x64 = Release|x64
		Release|x86 = Release|x86
	EndGlobalSection
	GlobalSection(ProjectConfigurationPlatforms) = postSolution
		{AF651889-EDFF-4649-B7EB-730F038372A9}.Debug|x64.ActiveCfg = Debug|x64
		{AF651889-EDFF-4649-B7EB-730F038372A9}.Debug|x64.Build.0 = Debug|x64
		{AF651889-EDFF-4649-B7EB-730F038372A9}.Debug|x86.ActiveCfg = Debug|Win32
		{AF651889-EDFF-4649-B7EB-730F038372A9}.Debug|x86.Build.0 = Debug|Win32
		{AF651889-EDFF-4649-B7EB-730F038372A9}.Release|x64.ActiveCfg = Release|x64
		{AF651889-EDFF-4649-B7EB-730F038372A9}.Release|x64.Build.0 = Release|x64
		{AF651889-EDFF-4649-B7EB-730F038372A9}.Release|x86.ActiveCfg = Release|Win32
		{AF651889-EDFF-4649-B7EB-730F038372A9}.Release|x86.Build.0 = Release|Win32
		{A2912CA8-C0A9-42D5-BE0F-B34C1533C0B5}.Debug|x64.ActiveCfg = Debug|x64
		{A2912CA8-C0A9-42D5-BE0F-B34C1533C0B5}.Debug|x64.Build.0 = Debug|x64
		{A2912CA8-C0A9-42D5-BE0F-B34C1533C0B5}.Debug|x86.ActiveCfg = Debug|Win32
		{A2912CA8-C0A9-42D5-BE0F-B34C1533C0B5}.Debug|x86.Build.0 = Debug|Win32
		{A2912CA8-C0A9-42D5-BE0F-B34C1533C0B5}.Release|x64.ActiveCfg = Release|x64
		{A2912CA8-C0A9-42D5-BE0F-B34C1533C0B5}.Release|x64.Build.0 = Release|x64
		{A2912CA8-C0A9-42D5-BE0F-B34C1533C0B5}.Release|x86.ActiveCfg = Release|Win32
		{A2912CA8-C0A9-42D5-BE0F-B34C1533C0B5}.Release|x86.Build.0 = Release|Win32
		{853B8527-826F-45CA-A214-5B5D78D2F372}.Debug|x64.ActiveCfg = Debug|x64
		{853B8527-826F-45CA-A214-5B5D78D2F372}.Debug|x64.Build.0 = Debug|x64
		{853B8527-826F-45CA-A214-5B5D78D2F372}.Debug|x86.ActiveCfg = Debug|Win32
		{853B8527-826F-45CA-A214-5B5D78D2F372}.Debug|x86.Build.0 = Debug|Win32
		{853B8527-826F-45CA-A214-5B5D78D2F372}.Release|x64.ActiveCfg = Release|x64
		{853B8527-826F-45CA-A214-5B5D78D2F372}.Release|x64.Build.0 = Release|x64
		{853B8527-826F-45CA-A214-5B5D78D2F372}.Release|x86.ActiveCfg = Release|Win32
		{853B8527-826F-45CA-A214-5B5D78D2F372}.Release|x86.Build.0 = Release|Win32
		{72C76322-7AD9-415A-84CF-76CB45B286D8}.Debug|x64.ActiveCfg = Debug|x64
		{72C76322-7AD9-415A-84CF-76CB45B286D8}.Debug|x64.Build.0 = Debug|x64
		{72C76322-7AD9-415A-84CF-76CB45B286D8}.Debug|x86.ActiveCfg = Debug|Win32
		{72C76322-7AD9-415A-84CF-76CB45B286D8}.Debug|x86.Build.0 = Debug|Win32
		{72C76322-7AD9-415A-84CF-76CB45B286D8}.Release|x64.ActiveCfg = Release|x64
		{72C76322-7AD9-415A-84CF-76CB45B286D8}.Release|x64.Build.0 = Release|x64
		{72C76322-7AD9-415A-84CF-76CB45B286D8}.Release|x86.ActiveCfg = Release|Win32
		{72C76322-7AD9-415A-84CF-76CB45B286D8}.Release|x86.Build.0 = Release|Win32
		{3D926D6C-4DED-4079-A622-5AF6BE05F3DD}.Debug|x64.ActiveCfg = Debug|x64
		{3D926D6C-4DED-4079-A622-5AF6BE05F3DD}.Debug|x64.Build.0 = Debug|x64
		{3D926D6C-4DED-4079-A622-5AF6BE05F3DD}.Debug|x86.ActiveCfg = Debug|Win32
		{3D926D6C-4DED-4079-A622-5AF6BE05F3DD}.Debug|x86.Build.0 = Debug|Win32
		{3D926D6C-4DED-4079-A622-5AF6BE05F3DD}.Release|x64.ActiveCfg = Release|x64
		{3D926D6C-4DED-4079-A622-5AF6BE05F3DD}.Release|x64.Build.0 = Release|x64
		{3D926D6C-4DED-4079-A622-5AF6BE05F3DD}.Release|x86.ActiveCfg = Release|Win32
		{3D926D6C-4DED-4079-A622-5AF6BE05F3DD}.Release|x86.Build.0 = Release|Win32
		{F5B0AE82-0605-4F3D-A194-55CF4A842B4B}.Debug|x64.ActiveCfg = Debug|x64
		{F5B0AE82-0605-4F3D-A194-55CF4A842B4B}.Debug|x64.Build.0 = Debug|x64
		{F5B0AE82-0605-4F3D-A194-55CF4A842B4B}.Debug|x86.ActiveCfg = Debug|Win32
		{F5B0AE82-0605-4F3D-A194-55CF4A842B4B}.Debug|x86.Build.0 = Debug|Win32
		{F5B0AE82-0605-4F3D-A194-55CF4A842B4B}.Release|x64.ActiveCfg = Release|x64
		{F5B0AE82-0605-4F3D-A194-55CF4A842B4B}.Release|x64.Build.0 = Release|x64
		{F5B0AE82-0605-4F3D-A194-55CF4A842B4B}.Release|x86.ActiveCfg = Release|Win32
		{F5B0AE82-0605-4F3D-A194-55CF4A842B4B}.Release|x86.Build.0 = Release|Win32
		{A7CC7CF0-EFC0-4F86-A3CB-B397C099920F}.Debug|x64.ActiveCfg = Debug|x64
		{A7CC7CF0-EFC0-4F86-A3CB-B397C099920F}.Debug|x64.Build.0 = Debug|x64
		{A7CC7CF0-EFC0-4F86-A3CB-B397C099920F}.Debug|x86.ActiveCfg = Debug|Win32
		{A7CC7CF0-EFC0-4F86-A3CB-B397C099920F}.Debug|x86.Build.0 = Debug|Win32
		{A7CC7CF0-EFC0-4F86-A3CB-B397C099920F}.Release|x64.ActiveCfg = Release|x64
		{A7CC7CF0-EFC0-4F86-A3CB-B397C099920F}.Release|x64.Build.0 = Release|x64
		{A7CC7CF0-EFC0-4F86-A3CB-B397C099920F}.Release|x86.ActiveCfg = Release|Win32
		{A7CC7CF0-EFC0-4F86-A3CB-B397C099920F}.Release|x86.Build.0 = Release|Win32
		{B2C9AD3D-FC76-4771-96A1-08D0EC4660BF}.Debug|x64.ActiveCfg = Debug|x64
		{B2C9AD3D-FC76-4771-96A1-08D0EC4660BF}.Debug|x64.Build.0 = Debug|x64
		{B2C9AD3D-FC76-4771-96A1-08D0EC4660BF}.Debug|x86.ActiveCfg = Debug|Win32
		{B2C9AD3D-FC76-4771-96A1-08D0EC4660BF}.Debug|x86.Build.0 = Debug|Win32
		{B2C9AD3D-FC76-4771-96A1-08D0EC4660BF}.Release|x64.ActiveCfg = Release|x64
		{B2C9AD3D-FC76-4771-96A1-08D0EC4660BF}.Release|x64.Build.0 = Release|x64
		{B2C9AD3D-FC76-4771-96A1-08D0EC4660BF}.Release|x86.ActiveCfg = Release|Win32
		{B2C9AD3D-FC76-4771-96A1-08D0EC4660BF}.Release|x86.Build.0 = Release|Win32
		{F02E0FB0-0F5C-4DD8-AFBA-7446B24FD69D}.Debug|x64.ActiveCfg = Debug|x64
		{F02E0FB0-0F5C-4DD8-AFBA-7446B24FD69D}.Debug|x64.Build.0 = Debug|x64
		{F02E0FB0-0F5C-4DD8-AFBA-7446B24FD69D}.Debug|x86.ActiveCfg = Debug|Win32
		{F02E0FB0-0F5C-4DD8-AFBA-7446B24FD69D}.Debug|x86.Build.0 = Debug|Win32
		{F02E0FB0-0F5C-4DD8-AFBA-7446B24FD69D}.Release|x64.ActiveCfg = Release|x64
		{F02E0FB0-0F5C-4DD8-AFBA-7446B24FD69D}.Release|x64.Build.0 = Release|x64
		{F02E0FB0-0F5C-4DD8-AFBA-7446B24FD69D}.Release|x86.ActiveCfg = Release|Win32
		{F02E0FB0-0F5C-4DD8-AFBA-7446B24FD69D}.Release|x86.Build.0 = Release|Win32
		{F2309160-66C0-455E-BC85-BB291C149D1B}.Debug|x64.ActiveCfg = Debug|x64
		{F2309160-66C0-455E-BC85-BB291C149D1B}.Debug|x64.Build.0 = Debug|x64
		{F2309160-66C0-455E-BC85-BB291C149D1B}.Debug|x86.ActiveCfg = Debug|Win32
		{F2309160-66C0-455E-BC85-BB291C149D1B}.Debug|x86.Build.0 = Debug|Win32
		{F2309160-66C0-455E-BC85-BB291C149D1B}.Release|x64.ActiveCfg = Release|x64
		{F2309160-66C0-455E-BC85-BB291C149D1B}.Release|x64.Build.0 = Release|x64
		{F2309160-66C0-455E-BC85-BB291C149D1B}.Release|x86.ActiveCfg = Release|Win32
		{F2309160-66C0-455E-BC85-BB291C149D1B}.Release|x86.Build.0 = Release|Win32
		{25F85182-FD0C-4F25-9ADF-B896049C9B76}.Debug|x64.ActiveCfg = Debug|x64
		{25F85182-FD0C-4F25-9ADF-B896049C9B76}.Debug|x64.Build.0 = Debug|x64
		{25F85182-FD0C-4F25-9ADF-B896049C9B76}.Debug|x86.ActiveCfg = Debug|Win32
		{25F85182-FD0C-4F25-9ADF-B896049C9B76}.Debug|x86.Build.0 = Debug|Win32
		{25F85182-FD0C-4F25-9ADF-B896049C9B76}.Release|x64.ActiveCfg = Release|x64
		{25F85182-FD0C-4F25-9ADF-B896049C9B76}.Release|x64.Build.0 = Release|x64
		{25F85182-FD0C-4F25-9ADF-B896049C9B76}.Release|x86.ActiveCfg = Release|Win32
		{25F85182-FD0C-4F25-9ADF-B896049C9B76}.Release|x86.Build.0 = Release|Win32
		{01CEBB21-DC7A-4382-866C-4825A091E110}.Debug|x64.ActiveCfg = Debug|x64
		{01CEBB21-DC7A-4382-866C-4825A091E110}.Debug|x64.Build.0 = Debug|x64
		{01CEBB21-DC7A-4382-866C-4825A091E110}.Debug|x86.ActiveCfg = Debug|Win32
		{01CEBB21-DC7A-4382-866C-4825A091E110}.Debug|x86.Build.0 = Debug|Win32
		{01CEBB21-DC7A-4382-866C-4825A091E110}.Release|x64.ActiveCfg = Release|x64
		{01CEBB21-DC7A-4382-866C-4825A091E110}.Release|x64.Build.0 = Release|x64
		{01CEBB21-DC7A-4382-866C-4825A091E110}.Release|x86.ActiveCfg = Release|Win32
		{01CEBB21-DC7A-4382-866C-4825A091E110}.Release|x86.Build.0 = Release|Win32
		{77C3DEE7-13B7-4908-A047-11EC97C5359B}.Debug|x64.ActiveCfg = Debug|x64
		{77C3DEE7-13B7-4908-A047-11EC97C5359B}.Debug|x64.Build.0 = Debug|x64
		{77C3DEE7-13B7-4908-A047-11EC97C5359B}.Debug|x86.ActiveCfg = Debug|Win32
		{77C3DEE7-13B7-4908-A047-11EC97C5359B}.Debug|x86.Build.0 = Debug|Win32
		{77C3DEE7-13B7-4908-A047-11EC97C5359B}.Release|x64.ActiveCfg = Release|x64
		{77C3DEE7-13B7-4908-A047-11EC97C5359B}.Release|x64.Build.0 = Release|x64
		{77C3DEE7-13B7-4908-A047-11EC97C5359B}.Release|x86.ActiveCfg = Release|Win32
		{77C3DEE7-13B7-4908-A047-11EC97C5359B}.Release|x86.Build.0 = Release|Win32
		{FCA2B922-BCF6-4E76-9D3C-F55E745A11B6}.Debug|x64.ActiveCfg = Debug|x64
		{FCA2B922-BCF6-4E76-9D3C-F55E745A11B6}.Debug|x64.Build.0 = Debug|x64
		{FCA2B922-BCF6-4E76-9D3C-F55E745A11B6}.Debug|x86.ActiveCfg = Debug|Win32
		{FCA2B922-BCF6-4E76-9D3C-F55E745A11B6}.Debug|x86.Build.0 = Debug|Win32
		{FCA2B922-BCF6-4E76-9D3C-F55E745A11B6}.Release|x64.ActiveCfg = Release|x64
		{FCA2B922-BCF6-4E76-9D3C-F55E745A11B6}.Release|x64.Build.0 = Release|x64
		{FCA2B922-BCF6-4E76-9D3C-F55E745A11B6}.Release|x86.ActiveCfg = Release|Win32
		{FCA2B922-BCF6-4E76-9D3C-F55E745A11B6}.Release|x86.Build.0 = Release|Win32
		{DFC2900C-F80A-4BCA-8805-2E625A48CC80}.Debug|x64.ActiveCfg = Debug|x64
		{DFC2900C-F80A-4BCA-8805-2E625A48CC80}.Debug|x64.Build.0 = Debug|x64
		{DFC2900C-F80A-4BCA-8805-2E625A48CC80}.Debug|x86.ActiveCfg = Debug|Win32
		{DFC2900C-F80A-4BCA-8805-2E625A48CC80}.Debug|x86.Build.0 = Debug|Win32
		{DFC2900C-F80A-4BCA-8805-2E625A48CC80}.Release|x64.ActiveCfg = Release|x64
		{DFC2900C-F80A-4BCA-8805-2E625A48CC80}.Release|x64.Build.0 = Release|x64
		{DFC2900C-F80A-4BCA-8805-2E625A48CC80}.Release|x86.ActiveCfg = Release|Win32
		{DFC2900C-F80A-4BCA-8805-2E625A48CC80}.Release|x86.Build.0 = Release|Win32
		{1CD4CCE5-9488-4B7F-AF48-0EBDB96F96E7}.Debug|x64.ActiveCfg = Debug|x64
		{1CD4CCE5-9488-4B7F-AF48-0EBDB96F96E7}.Debug|x64.Build.0 = Debug|x64
		{1CD4CCE5-9488-4B7F-AF48-0EBDB96F96E7}.Debug|x86.ActiveCfg = Debug|Win32
		{1CD4CCE5-9488-4B7F-AF48-0EBDB96F96E7}.Debug|x86.Build.0 = Debug|Win32
		{1CD4CCE5-9488-4B7F-AF48-0EBDB96F96E7}.Release|x64.ActiveCfg = Release|x64
		{1CD4CCE5-9488-4B7F-AF48-0EBDB96F96E7}.Release|x64.Build.0 = Release|x64
		{1CD4CCE5-9488-4B7F-AF48-0EBDB96F96E7}.Release|x86.ActiveCfg = Release|Win32
		{1CD4CCE5-9488-4B7F-AF48-0EBDB96F96E7}.Release|x86.Build.0 = Release|Win32
		{BF642DC1-6A75-4D4C-AE40-7F04BBB35A83}.Debug|x64.ActiveCfg = Debug|x64
		{BF642DC1-6A75-4D4C-AE40-7F04BBB35A83}.Debug|x64.Build.0 = Debug|x64
		{BF642DC1-6A75-4D4C-AE40-7F04BBB35A83}.Debug|x86.ActiveCfg = Debug|Win32
		{BF642DC1-6A75-4D4C-AE40-7F04BBB35A83}.Debug|x86.Build.0 = Debug|Win32
		{BF642DC1-6A75-4D4C-AE40-7F04BBB35A83}.Release|x64.ActiveCfg = Release|x64
		{BF642DC1-6A75-4D4C-AE40-7F04BBB35A83}.Release|x64.Build.0 = Release|x64
		{BF642DC1-6A75-4D4C-AE40-7F04BBB35A83}.Release|x86.ActiveCfg = Release|Win32
		{BF642DC1-6A75-4D4C-AE40-7F04BBB35A83}.Release|x86.Build.0 = Release|Win32
		{D9856DDC-D1C4-4F42-98E0-F5832A04C40B}.Debug|x64.ActiveCfg = Debug|x64
		{D9856DDC-D1C4-4F42-98E0-F5832A04C40B}.Debug|x64.Build.0 = Debug|x64
		{D9856DDC-D1C4-4F42-98E0-F5832A04C40B}.Debug|x86.ActiveCfg = Debug|Win32
		{D9856DDC-D1C4-4F42-98E0-F5832A04C40B}.Debug|x86.Build.0 = Debug|Win32
		{D9856DDC-D1C4-4F42-98E0-F5832A04C40B}.Release|x64.ActiveCfg = Release|x64
		{D9856DDC-D1C4-4F42-98E0-F5832A04C40B}.Release|x64.Build.0 = Release|x64
		{D9856DDC-D1C4-4F42-98E0-F5832A04C40B}.Release|x86.ActiveCfg = Release|Win32
		{D9856DDC-D1C4-4F42-98E0-F5832A04C40B}.Release|x86.Build.0 = Release|Win32
	EndGlobalSection
	GlobalSection(SolutionProperties) = preSolution
		HideSolutionNode = FALSE
	EndGlobalSection
	GlobalSection(NestedProjects) = preSolution
		{AF651889-EDFF-4649-B7EB-730F038372A9} = {679C6E0F-1C08-492E-8FFC-29A82B415DF1}
		{A2912CA8-C0A9-42D5-BE0F-B34C1533C0B5} = {679C6E0F-1C08-492E-8FFC-29A82B415DF1}
		{853B8527-826F-45CA-A214-5B5D78D2F372} = {679C6E0F-1C08-492E-8FFC-29A82B415DF1}
		{72C76322-7AD9-415A-84CF-76CB45B286D8} = {679C6E0F-1C08-492E-8FFC-29A82B415DF1}
		{3D926D6C-4DED-4079-A622-5AF6BE05F3DD} = {679C6E0F-1C08-492E-8FFC-29A82B415DF1}
		{F5B0AE82-0605-4F3D-A194-55CF4A842B4B} = {679C6E0F-1C08-492E-8FFC-29A82B415DF1}
		{A7CC7CF0-EFC0-4F86-A3CB-B397C099920F} = {679C6E0F-1C08-492E-8FFC-29A82B415DF1}
		{B2C9AD3D-FC76-4771-96A1-08D0EC4660BF} = {679C6E0F-1C08-492E-8FFC-29A82B415DF1}
		{F02E0FB0-0F5C-4DD8-AFBA-7446B24FD69D} = {679C6E0F-1C08-492E-8FFC-29A82B415DF1}
		{F2309160-66C0-455E-BC85-BB291C149D1B} = {8394349B-ACB9-4561-B631-AFFF0CD001D0}
		{25F85182-FD0C-4F25-9ADF-B896049C9B76} = {8394349B-ACB9-4561-B631-AFFF0CD001D0}
		{01CEBB21-DC7A-4382-866C-4825A091E110} = {679C6E0F-1C08-492E-8FFC-29A82B415DF1}
		{77C3DEE7-13B7-4908-A047-11EC97C5359B} = {679C6E0F-1C08-492E-8FFC-29A82B415DF1}
		{FCA2B922-BCF6-4E76-9D3C-F55E745A11B6} = {8394349B-ACB9-4561-B631-AFFF0CD001D0}
		{DFC2900C-F80A-4BCA-8805-2E625A48CC80} = {679C6E0F-1C08-492E-8FFC-29A82B415DF1}
		{1CD4CCE5-9488-4B7F-AF48-0EBDB96F96E7} = {679C6E0F-1C08-492E-8FFC-29A82B415DF1}
		{BF642DC1-6A75-4D4C-AE40-7F04BBB35A83} = {679C6E0F-1C08-492E-8FFC-29A82B415DF1}
		{D9856DDC-D1C4-4F42-98E0-F5832A04C40B} = {679C6E0F-1C08-492E-8FFC-29A82B415DF1}
	EndGlobalSection
	GlobalSection(ExtensibilityGlobals) = postSolution
		SolutionGuid = {F0B8912E-B571-411A-AFE3-E916B318CD4A}
	EndGlobalSection
EndGlobal
